// !$*UTF8*$!
{
	archiveVersion = 1;
	classes = {
	};
	objectVersion = 46;
	objects = {

/* Begin PBXBuildFile section */
		224011921ED6863F00C22F86 /* main.m in Sources */ = {isa = PBXBuildFile; fileRef = 224011911ED6863F00C22F86 /* main.m */; };
		224011951ED6863F00C22F86 /* AppDelegate.m in Sources */ = {isa = PBXBuildFile; fileRef = 224011941ED6863F00C22F86 /* AppDelegate.m */; };
		224011981ED6863F00C22F86 /* ViewController.m in Sources */ = {isa = PBXBuildFile; fileRef = 224011971ED6863F00C22F86 /* ViewController.m */; };
		2240119B1ED6863F00C22F86 /* Main.storyboard in Resources */ = {isa = PBXBuildFile; fileRef = 224011991ED6863F00C22F86 /* Main.storyboard */; };
		2240119D1ED6863F00C22F86 /* Assets.xcassets in Resources */ = {isa = PBXBuildFile; fileRef = 2240119C1ED6863F00C22F86 /* Assets.xcassets */; };
		224011A01ED6863F00C22F86 /* LaunchScreen.storyboard in Resources */ = {isa = PBXBuildFile; fileRef = 2240119E1ED6863F00C22F86 /* LaunchScreen.storyboard */; };
		224011AA1ED686F600C22F86 /* NSDate+ZIKLocalNowDate.m in Sources */ = {isa = PBXBuildFile; fileRef = 224011A91ED686F600C22F86 /* NSDate+ZIKLocalNowDate.m */; };
		224011AD1ED688B200C22F86 /* NSCalendar+ZIKTheDayBeforeYesterDay.m in Sources */ = {isa = PBXBuildFile; fileRef = 224011AC1ED688B200C22F86 /* NSCalendar+ZIKTheDayBeforeYesterDay.m */; };
		224011B31ED68CD400C22F86 /* NSDate+ZIKDateString.m in Sources */ = {isa = PBXBuildFile; fileRef = 224011B21ED68CD400C22F86 /* NSDate+ZIKDateString.m */; };
/* End PBXBuildFile section */

/* Begin PBXFileReference section */
		2240118D1ED6863F00C22F86 /* ZIKDateDemo.app */ = {isa = PBXFileReference; explicitFileType = wrapper.application; includeInIndex = 0; path = ZIKDateDemo.app; sourceTree = BUILT_PRODUCTS_DIR; };
		224011911ED6863F00C22F86 /* main.m */ = {isa = PBXFileReference; lastKnownFileType = sourcecode.c.objc; path = main.m; sourceTree = "<group>"; };
		224011931ED6863F00C22F86 /* AppDelegate.h */ = {isa = PBXFileReference; lastKnownFileType = sourcecode.c.h; path = AppDelegate.h; sourceTree = "<group>"; };
		224011941ED6863F00C22F86 /* AppDelegate.m */ = {isa = PBXFileReference; lastKnownFileType = sourcecode.c.objc; path = AppDelegate.m; sourceTree = "<group>"; };
		224011961ED6863F00C22F86 /* ViewController.h */ = {isa = PBXFileReference; lastKnownFileType = sourcecode.c.h; path = ViewController.h; sourceTree = "<group>"; };
		224011971ED6863F00C22F86 /* ViewController.m */ = {isa = PBXFileReference; lastKnownFileType = sourcecode.c.objc; path = ViewController.m; sourceTree = "<group>"; };
		2240119A1ED6863F00C22F86 /* Base */ = {isa = PBXFileReference; lastKnownFileType = file.storyboard; name = Base; path = Base.lproj/Main.storyboard; sourceTree = "<group>"; };
		2240119C1ED6863F00C22F86 /* Assets.xcassets */ = {isa = PBXFileReference; lastKnownFileType = folder.assetcatalog; path = Assets.xcassets; sourceTree = "<group>"; };
		2240119F1ED6863F00C22F86 /* Base */ = {isa = PBXFileReference; lastKnownFileType = file.storyboard; name = Base; path = Base.lproj/LaunchScreen.storyboard; sourceTree = "<group>"; };
		224011A11ED6863F00C22F86 /* Info.plist */ = {isa = PBXFileReference; lastKnownFileType = text.plist.xml; path = Info.plist; sourceTree = "<group>"; };
		224011A81ED686F600C22F86 /* NSDate+ZIKLocalNowDate.h */ = {isa = PBXFileReference; fileEncoding = 4; lastKnownFileType = sourcecode.c.h; path = "NSDate+ZIKLocalNowDate.h"; sourceTree = "<group>"; };
		224011A91ED686F600C22F86 /* NSDate+ZIKLocalNowDate.m */ = {isa = PBXFileReference; fileEncoding = 4; lastKnownFileType = sourcecode.c.objc; path = "NSDate+ZIKLocalNowDate.m"; sourceTree = "<group>"; };
		224011AB1ED688B200C22F86 /* NSCalendar+ZIKTheDayBeforeYesterDay.h */ = {isa = PBXFileReference; fileEncoding = 4; lastKnownFileType = sourcecode.c.h; path = "NSCalendar+ZIKTheDayBeforeYesterDay.h"; sourceTree = "<group>"; };
		224011AC1ED688B200C22F86 /* NSCalendar+ZIKTheDayBeforeYesterDay.m */ = {isa = PBXFileReference; fileEncoding = 4; lastKnownFileType = sourcecode.c.objc; path = "NSCalendar+ZIKTheDayBeforeYesterDay.m"; sourceTree = "<group>"; };
		224011B11ED68CD400C22F86 /* NSDate+ZIKDateString.h */ = {isa = PBXFileReference; fileEncoding = 4; lastKnownFileType = sourcecode.c.h; path = "NSDate+ZIKDateString.h"; sourceTree = "<group>"; };
		224011B21ED68CD400C22F86 /* NSDate+ZIKDateString.m */ = {isa = PBXFileReference; fileEncoding = 4; lastKnownFileType = sourcecode.c.objc; path = "NSDate+ZIKDateString.m"; sourceTree = "<group>"; };
/* End PBXFileReference section */

/* Begin PBXFrameworksBuildPhase section */
		2240118A1ED6863F00C22F86 /* Frameworks */ = {
			isa = PBXFrameworksBuildPhase;
			buildActionMask = 2147483647;
			files = (
			);
			runOnlyForDeploymentPostprocessing = 0;
		};
/* End PBXFrameworksBuildPhase section */

/* Begin PBXGroup section */
		224011841ED6863F00C22F86 = {
			isa = PBXGroup;
			children = (
				2240118F1ED6863F00C22F86 /* ZIKDateDemo */,
				2240118E1ED6863F00C22F86 /* Products */,
			);
			sourceTree = "<group>";
		};
		2240118E1ED6863F00C22F86 /* Products */ = {
			isa = PBXGroup;
			children = (
				2240118D1ED6863F00C22F86 /* ZIKDateDemo.app */,
			);
			name = Products;
			sourceTree = "<group>";
		};
		2240118F1ED6863F00C22F86 /* ZIKDateDemo */ = {
			isa = PBXGroup;
			children = (
				224011A71ED686AF00C22F86 /* Category */,
				224011931ED6863F00C22F86 /* AppDelegate.h */,
				224011941ED6863F00C22F86 /* AppDelegate.m */,
				224011961ED6863F00C22F86 /* ViewController.h */,
				224011971ED6863F00C22F86 /* ViewController.m */,
				224011991ED6863F00C22F86 /* Main.storyboard */,
				2240119C1ED6863F00C22F86 /* Assets.xcassets */,
				2240119E1ED6863F00C22F86 /* LaunchScreen.storyboard */,
				224011A11ED6863F00C22F86 /* Info.plist */,
				224011901ED6863F00C22F86 /* Supporting Files */,
			);
			path = ZIKDateDemo;
			sourceTree = "<group>";
		};
		224011901ED6863F00C22F86 /* Supporting Files */ = {
			isa = PBXGroup;
			children = (
				224011911ED6863F00C22F86 /* main.m */,
			);
			name = "Supporting Files";
			sourceTree = "<group>";
		};
		224011A71ED686AF00C22F86 /* Category */ = {
			isa = PBXGroup;
			children = (
				224011A81ED686F600C22F86 /* NSDate+ZIKLocalNowDate.h */,
				224011A91ED686F600C22F86 /* NSDate+ZIKLocalNowDate.m */,
				224011B11ED68CD400C22F86 /* NSDate+ZIKDateString.h */,
				224011B21ED68CD400C22F86 /* NSDate+ZIKDateString.m */,
				224011AB1ED688B200C22F86 /* NSCalendar+ZIKTheDayBeforeYesterDay.h */,
				224011AC1ED688B200C22F86 /* NSCalendar+ZIKTheDayBeforeYesterDay.m */,
			);
			path = Category;
			sourceTree = "<group>";
		};
/* End PBXGroup section */

/* Begin PBXNativeTarget section */
		2240118C1ED6863F00C22F86 /* ZIKDateDemo */ = {
			isa = PBXNativeTarget;
			buildConfigurationList = 224011A41ED6863F00C22F86 /* Build configuration list for PBXNativeTarget "ZIKDateDemo" */;
			buildPhases = (
				224011891ED6863F00C22F86 /* Sources */,
				2240118A1ED6863F00C22F86 /* Frameworks */,
				2240118B1ED6863F00C22F86 /* Resources */,
			);
			buildRules = (
			);
			dependencies = (
			);
			name = ZIKDateDemo;
			productName = ZIKDateDemo;
			productReference = 2240118D1ED6863F00C22F86 /* ZIKDateDemo.app */;
			productType = "com.apple.product-type.application";
		};
/* End PBXNativeTarget section */

/* Begin PBXProject section */
		224011851ED6863F00C22F86 /* Project object */ = {
			isa = PBXProject;
			attributes = {
				LastUpgradeCheck = 0830;
				ORGANIZATIONNAME = ZIKongAppservice;
				TargetAttributes = {
					2240118C1ED6863F00C22F86 = {
						CreatedOnToolsVersion = 8.3.2;
						DevelopmentTeam = HP8U3K66H6;
						ProvisioningStyle = Automatic;
					};
				};
			};
			buildConfigurationList = 224011881ED6863F00C22F86 /* Build configuration list for PBXProject "ZIKDateDemo" */;
			compatibilityVersion = "Xcode 3.2";
			developmentRegion = English;
			hasScannedForEncodings = 0;
			knownRegions = (
				en,
				Base,
			);
			mainGroup = 224011841ED6863F00C22F86;
			productRefGroup = 2240118E1ED6863F00C22F86 /* Products */;
			projectDirPath = "";
			projectRoot = "";
			targets = (
				2240118C1ED6863F00C22F86 /* ZIKDateDemo */,
			);
		};
/* End PBXProject section */

/* Begin PBXResourcesBuildPhase section */
		2240118B1ED6863F00C22F86 /* Resources */ = {
			isa = PBXResourcesBuildPhase;
			buildActionMask = 2147483647;
			files = (
				224011A01ED6863F00C22F86 /* LaunchScreen.storyboard in Resources */,
				2240119D1ED6863F00C22F86 /* Assets.xcassets in Resources */,
				2240119B1ED6863F00C22F86 /* Main.storyboard in Resources */,
			);
			runOnlyForDeploymentPostprocessing = 0;
		};
/* End PBXResourcesBuildPhase section */

/* Begin PBXSourcesBuildPhase section */
		224011891ED6863F00C22F86 /* Sources */ = {
			isa = PBXSourcesBuildPhase;
			buildActionMask = 2147483647;
			files = (
				224011B31ED68CD400C22F86 /* NSDate+ZIKDateString.m in Sources */,
				224011AA1ED686F600C22F86 /* NSDate+ZIKLocalNowDate.m in Sources */,
				224011AD1ED688B200C22F86 /* NSCalendar+ZIKTheDayBeforeYesterDay.m in Sources */,
				224011981ED6863F00C22F86 /* ViewController.m in Sources */,
				224011951ED6863F00C22F86 /* AppDelegate.m in Sources */,
				224011921ED6863F00C22F86 /* main.m in Sources */,
			);
			runOnlyForDeploymentPostprocessing = 0;
		};
/* End PBXSourcesBuildPhase section */

/* Begin PBXVariantGroup section */
		224011991ED6863F00C22F86 /* Main.storyboard */ = {
			isa = PBXVariantGroup;
			children = (
				2240119A1ED6863F00C22F86 /* Base */,
			);
			name = Main.storyboard;
			sourceTree = "<group>";
		};
		2240119E1ED6863F00C22F86 /* LaunchScreen.storyboard */ = {
			isa = PBXVariantGroup;
			children = (
				2240119F1ED6863F00C22F86 /* Base */,
			);
			name = LaunchScreen.storyboard;
			sourceTree = "<group>";
		};
/* End PBXVariantGroup section */

/* Begin XCBuildConfiguration section */
		224011A21ED6863F00C22F86 /* Debug */ = {
			isa = XCBuildConfiguration;
			buildSettings = {
				ALWAYS_SEARCH_USER_PATHS = NO;
				CLANG_ANALYZER_NONNULL = YES;
				CLANG_ANALYZER_NUMBER_OBJECT_CONVERSION = YES_AGGRESSIVE;
				CLANG_CXX_LANGUAGE_STANDARD = "gnu++0x";
				CLANG_CXX_LIBRARY = "libc++";
				CLANG_ENABLE_MODULES = YES;
				CLANG_ENABLE_OBJC_ARC = YES;
				CLANG_WARN_BOOL_CONVERSION = YES;
				CLANG_WARN_CONSTANT_CONVERSION = YES;
				CLANG_WARN_DIRECT_OBJC_ISA_USAGE = YES_ERROR;
				CLANG_WARN_DOCUMENTATION_COMMENTS = YES;
				CLANG_WARN_EMPTY_BODY = YES;
				CLANG_WARN_ENUM_CONVERSION = YES;
				CLANG_WARN_INFINITE_RECURSION = YES;
				CLANG_WARN_INT_CONVERSION = YES;
				CLANG_WARN_OBJC_ROOT_CLASS = YES_ERROR;
				CLANG_WARN_SUSPICIOUS_MOVE = YES;
				CLANG_WARN_UNREACHABLE_CODE = YES;
				CLANG_WARN__DUPLICATE_METHOD_MATCH = YES;
				"CODE_SIGN_IDENTITY[sdk=iphoneos*]" = "iPhone Developer";
				COPY_PHASE_STRIP = NO;
				DEBUG_INFORMATION_FORMAT = dwarf;
				ENABLE_STRICT_OBJC_MSGSEND = YES;
				ENABLE_TESTABILITY = YES;
				GCC_C_LANGUAGE_STANDARD = gnu99;
				GCC_DYNAMIC_NO_PIC = NO;
				GCC_NO_COMMON_BLOCKS = YES;
				GCC_OPTIMIZATION_LEVEL = 0;
				GCC_PREPROCESSOR_DEFINITIONS = (
					"DEBUG=1",
					"$(inherited)",
				);
				GCC_WARN_64_TO_32_BIT_CONVERSION = YES;
				GCC_WARN_ABOUT_RETURN_TYPE = YES_ERROR;
				GCC_WARN_UNDECLARED_SELECTOR = YES;
				GCC_WARN_UNINITIALIZED_AUTOS = YES_AGGRESSIVE;
				GCC_WARN_UNUSED_FUNCTION = YES;
				GCC_WARN_UNUSED_VARIABLE = YES;
				IPHONEOS_DEPLOYMENT_TARGET = 10.3;
				MTL_ENABLE_DEBUG_INFO = YES;
				ONLY_ACTIVE_ARCH = YES;
				SDKROOT = iphoneos;
				TARGETED_DEVICE_FAMILY = "1,2";
			};
			name = Debug;
		};
		224011A31ED6863F00C22F86 /* Release */ = {
			isa = XCBuildConfiguration;
			buildSettings = {
				ALWAYS_SEARCH_USER_PATHS = NO;
				CLANG_ANALYZER_NONNULL = YES;
				CLANG_ANALYZER_NUMBER_OBJECT_CONVERSION = YES_AGGRESSIVE;
				CLANG_CXX_LANGUAGE_STANDARD = "gnu++0x";
				CLANG_CXX_LIBRARY = "libc++";
				CLANG_ENABLE_MODULES = YES;
				CLANG_ENABLE_OBJC_ARC = YES;
				CLANG_WARN_BOOL_CONVERSION = YES;
				CLANG_WARN_CONSTANT_CONVERSION = YES;
				CLANG_WARN_DIRECT_OBJC_ISA_USAGE = YES_ERROR;
				CLANG_WARN_DOCUMENTATION_COMMENTS = YES;
				CLANG_WARN_EMPTY_BODY = YES;
				CLANG_WARN_ENUM_CONVERSION = YES;
				CLANG_WARN_INFINITE_RECURSION = YES;
				CLANG_WARN_INT_CONVERSION = YES;
				CLANG_WARN_OBJC_ROOT_CLASS = YES_ERROR;
				CLANG_WARN_SUSPICIOUS_MOVE = YES;
				CLANG_WARN_UNREACHABLE_CODE = YES;
				CLANG_WARN__DUPLICATE_METHOD_MATCH = YES;
				"CODE_SIGN_IDENTITY[sdk=iphoneos*]" = "iPhone Developer";
				COPY_PHASE_STRIP = NO;
				DEBUG_INFORMATION_FORMAT = "dwarf-with-dsym";
				ENABLE_NS_ASSERTIONS = NO;
				ENABLE_STRICT_OBJC_MSGSEND = YES;
				GCC_C_LANGUAGE_STANDARD = gnu99;
				GCC_NO_COMMON_BLOCKS = YES;
				GCC_WARN_64_TO_32_BIT_CONVERSION = YES;
				GCC_WARN_ABOUT_RETURN_TYPE = YES_ERROR;
				GCC_WARN_UNDECLARED_SELECTOR = YES;
				GCC_WARN_UNINITIALIZED_AUTOS = YES_AGGRESSIVE;
				GCC_WARN_UNUSED_FUNCTION = YES;
				GCC_WARN_UNUSED_VARIABLE = YES;
				IPHONEOS_DEPLOYMENT_TARGET = 10.3;
				MTL_ENABLE_DEBUG_INFO = NO;
				SDKROOT = iphoneos;
				TARGETED_DEVICE_FAMILY = "1,2";
				VALIDATE_PRODUCT = YES;
			};
			name = Release;
		};
		224011A51ED6863F00C22F86 /* Debug */ = {
			isa = XCBuildConfiguration;
			buildSettings = {
				ASSETCATALOG_COMPILER_APPICON_NAME = AppIcon;
				DEVELOPMENT_TEAM = HP8U3K66H6;
				INFOPLIST_FILE = ZIKDateDemo/Info.plist;
				LD_RUNPATH_SEARCH_PATHS = "$(inherited) @executable_path/Frameworks";
				PRODUCT_BUNDLE_IDENTIFIER = www.appservice.wang.ZIKDateDemo;
				PRODUCT_NAME = "$(TARGET_NAME)";
			};
			name = Debug;
		};
		224011A61ED6863F00C22F86 /* Release */ = {
			isa = XCBuildConfiguration;
			buildSettings = {
				ASSETCATALOG_COMPILER_APPICON_NAME = AppIcon;
				DEVELOPMENT_TEAM = HP8U3K66H6;
				INFOPLIST_FILE = ZIKDateDemo/Info.plist;
				LD_RUNPATH_SEARCH_PATHS = "$(inherited) @executable_path/Frameworks";
				PRODUCT_BUNDLE_IDENTIFIER = www.appservice.wang.ZIKDateDemo;
				PRODUCT_NAME = "$(TARGET_NAME)";
			};
			name = Release;
		};
/* End XCBuildConfiguration section */

/* Begin XCConfigurationList section */
		224011881ED6863F00C22F86 /* Build configuration list for PBXProject "ZIKDateDemo" */ = {
			isa = XCConfigurationList;
			buildConfigurations = (
				224011A21ED6863F00C22F86 /* Debug */,
				224011A31ED6863F00C22F86 /* Release */,
			);
			defaultConfigurationIsVisible = 0;
			defaultConfigurationName = Release;
		};
		224011A41ED6863F00C22F86 /* Build configuration list for PBXNativeTarget "ZIKDateDemo" */ = {
			isa = XCConfigurationList;
			buildConfigurations = (
				224011A51ED6863F00C22F86 /* Debug */,
				224011A61ED6863F00C22F86 /* Release */,
			);
			defaultConfigurationIsVisible = 0;
		};
/* End XCConfigurationList section */
	};
	rootObject = 224011851ED6863F00C22F86 /* Project object */;
}
